
Microsoft Visual Studio Solution File, Format Version 12.00
# Visual Studio Version 16
VisualStudioVersion = 16.0.30611.23
MinimumVisualStudioVersion = 10.0.40219.1
Project("{FAE04EC0-301F-11D3-BF4B-00C04F79EFBC}") = "Классы банк", "Классы банк.csproj", "{278C32E4-C081-456D-89B4-8080B1038E0C}"
EndProject
Global
	GlobalSection(SolutionConfigurationPlatforms) = preSolution
		Debug|Any CPU = Debug|Any CPU
		Release|Any CPU = Release|Any CPU
	EndGlobalSection
	GlobalSection(ProjectConfigurationPlatforms) = postSolution
		{278C32E4-C081-456D-89B4-8080B1038E0C}.Debug|Any CPU.ActiveCfg = Debug|Any CPU
		{278C32E4-C081-456D-89B4-8080B1038E0C}.Debug|Any CPU.Build.0 = Debug|Any CPU
		{278C32E4-C081-456D-89B4-8080B1038E0C}.Release|Any CPU.ActiveCfg = Release|Any CPU
		{278C32E4-C081-456D-89B4-8080B1038E0C}.Release|Any CPU.Build.0 = Release|Any CPU
	EndGlobalSection
	GlobalSection(SolutionProperties) = preSolution
		HideSolutionNode = FALSE
	EndGlobalSection
	GlobalSection(ExtensibilityGlobals) = postSolution
		SolutionGuid = {6F0C3BB5-FDA9-4FE1-A1D7-4A64D2654842}
	EndGlobalSection
EndGlobal
